# THIS IS AN AUTOGENERATED FILE. DO NOT EDIT THIS FILE DIRECTLY.
# yarn lockfile v1


"@grammyjs/router@^1.0.6":
  "integrity" "sha512-ySoh8cbH9GwCF5mP/M3KmpgFeCJcXSUsogj8RUtR3RqiLrd782imfIclXdmI7tXi2xI4FL8rNoAJ/4cgjA4cAA=="
  "resolved" "https://registry.npmjs.org/@grammyjs/router/-/router-1.0.6.tgz"
  "version" "1.0.6"

"@grammyjs/runner@^1.0.2":
  "integrity" "sha512-3aNnLshAsm9PynIjICYzFZKviS+XLsxkPrY8/LEnhm1fKHm9pp0k2sALH21v/ATZPQ6EyPLDDJ29Wv/wbhjE5A=="
  "resolved" "https://registry.npmjs.org/@grammyjs/runner/-/runner-1.0.2.tgz"
  "version" "1.0.2"
  dependencies:
    "abort-controller" "^3.0.0"

"@grammyjs/types@^2.2.0":
  "integrity" "sha512-kJ/x0jO3JDdheJBtproVmRlh/Cp2GQd+bhwLFGW09ktXbbf87CsCRfgBLwEXNcFxMHEfBkOUWiVpt7PyiYoDvA=="
  "resolved" "https://registry.npmjs.org/@grammyjs/types/-/types-2.2.2.tgz"
  "version" "2.2.2"

"@msgpackr-extract/msgpackr-extract-win32-x64@2.0.2":
  "integrity" "sha512-fpnI00dt+yO1cKx9qBXelKhPBdEgvc8ZPav1+0r09j0woYQU2N79w/jcGawSY5UGlgQ3vjaJsFHnGbGvvqdLzg=="
  "resolved" "https://registry.npmjs.org/@msgpackr-extract/msgpackr-extract-win32-x64/-/msgpackr-extract-win32-x64-2.0.2.tgz"
  "version" "2.0.2"

"@types/bson@*":
  "integrity" "sha512-awqorHvQS0DqxkHQ/FxcPX9E+H7Du51Qw/2F+5TBMSaE3G0hm+8D3eXJ6MAzFw75nE8V7xF0QvzUSdxIjJb/GA=="
  "resolved" "https://registry.npmjs.org/@types/bson/-/bson-4.0.4.tgz"
  "version" "4.0.4"
  dependencies:
    "@types/node" "*"

"@types/mongodb@^3.5.27":
  "integrity" "sha512-WcdpPJCakFzcWWD9juKoZbRtQxKIMYF/JIAM4JrNHrMcnJL6/a2NWjXxW7fo9hxboxxkg+icff8d7+WIEvKgYQ=="
  "resolved" "https://registry.npmjs.org/@types/mongodb/-/mongodb-3.6.20.tgz"
  "version" "3.6.20"
  dependencies:
    "@types/bson" "*"
    "@types/node" "*"

"@types/node@*", "@types/node@14.x || 15.x":
  "integrity" "sha512-dvMUE/m2LbXPwlvVuzCyslTEtQ2ZwuuFClDrOQ6mp2CenCg971719PTILZ4I6bTP27xfFFc+o7x2TkLuun/MPw=="
  "resolved" "https://registry.npmjs.org/@types/node/-/node-15.14.2.tgz"
  "version" "15.14.2"

"abort-controller@^3.0.0":
  "integrity" "sha512-h8lQ8tacZYnR3vNQTgibj+tODHI5/+l06Au2Pcriv/Gmet0eaj4TwWH41sO9wnHDiQsEj19q0drzdWdeAHtweg=="
  "resolved" "https://registry.npmjs.org/abort-controller/-/abort-controller-3.0.0.tgz"
  "version" "3.0.0"
  dependencies:
    "event-target-shim" "^5.0.0"

"bl@^2.2.1":
  "integrity" "sha512-6Pesp1w0DEX1N550i/uGV/TqucVL4AM/pgThFSN/Qq9si1/DF9aIHs1BxD8V/QU0HoeHO6cQRTAuYnLPKq1e4g=="
  "resolved" "https://registry.npmjs.org/bl/-/bl-2.2.1.tgz"
  "version" "2.2.1"
  dependencies:
    "readable-stream" "^2.3.5"
    "safe-buffer" "^5.1.1"

"bluebird@3.5.1":
  "integrity" "sha512-MKiLiV+I1AA596t9w1sQJ8jkiSr5+ZKi0WKrYGUn6d1Fx+Ij4tIj+m2WMQSGczs5jZVxV339chE8iwk6F64wjA=="
  "resolved" "https://registry.npmjs.org/bluebird/-/bluebird-3.5.1.tgz"
  "version" "3.5.1"

"bson@^1.1.4":
  "integrity" "sha512-EvVNVeGo4tHxwi8L6bPj3y3itEvStdwvvlojVxxbyYfoaxJ6keLgrTuKdyfEAszFK+H3olzBuafE0yoh0D1gdg=="
  "resolved" "https://registry.npmjs.org/bson/-/bson-1.1.6.tgz"
  "version" "1.1.6"

"bull@^4.8.4":
  "integrity" "sha512-vDNhM/pvfFY3+msulMbqPBdBO7ntKxRZRtMfi3EguVW/Ozo4uez+B81I8ZoDxYCLgSOBfwRuPnFtcv7QNzm4Ew=="
  "resolved" "https://registry.npmjs.org/bull/-/bull-4.8.4.tgz"
  "version" "4.8.4"
  dependencies:
    "cron-parser" "^4.2.1"
    "debuglog" "^1.0.0"
    "get-port" "^5.1.1"
    "ioredis" "^4.28.5"
    "lodash" "^4.17.21"
    "msgpackr" "^1.5.2"
    "p-timeout" "^3.2.0"
    "semver" "^7.3.2"
    "uuid" "^8.3.0"

"cluster-key-slot@^1.1.0":
  "integrity" "sha512-2Nii8p3RwAPiFwsnZvukotvow2rIHM+yQ6ZcBXGHdniadkYGZYiGmkHJIbZPIV9nfv7m/U1IPMVVcAhoWFeklw=="
  "resolved" "https://registry.npmjs.org/cluster-key-slot/-/cluster-key-slot-1.1.0.tgz"
  "version" "1.1.0"

"core-util-is@~1.0.0":
  "integrity" "sha1-tf1UIgqivFq1eqtxQMlAdUUDwac= sha512-3lqz5YjWTYnW6dlDa5TLaTCcShfar1e40rmcJVwCBJC6mWlFuj0eCHIElmG1g5kyuJ/GD+8Wn4FFCcz4gJPfaQ=="
  "resolved" "https://registry.npmjs.org/core-util-is/-/core-util-is-1.0.2.tgz"
  "version" "1.0.2"

"cron-parser@^4.2.1":
  "integrity" "sha512-TrE5Un4rtJaKgmzPewh67yrER5uKM0qI9hGLDBfWb8GGRe9pn/SDkhVrdHa4z7h0SeyeNxnQnogws/H+AQANQA=="
  "resolved" "https://registry.npmjs.org/cron-parser/-/cron-parser-4.4.0.tgz"
  "version" "4.4.0"
  dependencies:
    "luxon" "^1.28.0"

"cross-fetch@^3.0.0":
  "integrity" "sha512-1eAtFWdIubi6T4XPy6ei9iUFoKpUkIF971QLN8lIvvvwueI65+Nw5haMNKUwfJxabqlIIDODJKGrQ66gxC0PbQ=="
  "resolved" "https://registry.npmjs.org/cross-fetch/-/cross-fetch-3.1.4.tgz"
  "version" "3.1.4"
  dependencies:
    "node-fetch" "2.6.1"

"debug@^4.3.1":
  "integrity" "sha512-mOp8wKcvj7XxC78zLgw/ZA+6TSgkoE2C/ienthhRD298T7UNwAg9diBpLRxC0mOezLl4B0xV7M0cCO6P/O0Xhw=="
  "resolved" "https://registry.npmjs.org/debug/-/debug-4.3.2.tgz"
  "version" "4.3.2"
  dependencies:
    "ms" "2.1.2"

"debug@3.1.0":
  "integrity" "sha512-OX8XqP7/1a9cqkxYw2yXss15f26NKWBpDXQd0/uK/KPqdQhxbPa994hnzjcE2VqQpDslf55723cKPUOGSmMY3g=="
  "resolved" "https://registry.npmjs.org/debug/-/debug-3.1.0.tgz"
  "version" "3.1.0"
  dependencies:
    "ms" "2.0.0"

"debuglog@^1.0.0":
  "integrity" "sha512-syBZ+rnAK3EgMsH2aYEOLUW7mZSY9Gb+0wUMCFsZvcmiz+HigA0LOcq/HoQqVuGG+EKykunc7QG2bzrponfaSw=="
  "resolved" "https://registry.npmjs.org/debuglog/-/debuglog-1.0.1.tgz"
  "version" "1.0.1"

"denque@^1.1.0", "denque@^1.4.1":
  "integrity" "sha512-CYiCSgIF1p6EUByQPlGkKnP1M9g0ZV3qMIrqMqZqdwazygIA/YP2vrbcyl1h/WppKJTdl1F85cXIle+394iDAQ=="
  "resolved" "https://registry.npmjs.org/denque/-/denque-1.5.0.tgz"
  "version" "1.5.0"

"event-target-shim@^5.0.0":
  "integrity" "sha512-i/2XbnSz/uxRCU6+NdVJgKWDTM427+MqYbkQzD321DuCQJUqOuJKIA0IM2+W2xtYHdKOmZ4dR6fExsd4SXL+WQ=="
  "resolved" "https://registry.npmjs.org/event-target-shim/-/event-target-shim-5.0.1.tgz"
  "version" "5.0.1"

"get-port@^5.1.1":
  "integrity" "sha512-g/Q1aTSDOxFpchXC4i8ZWvxA1lnPqx/JHqcpIw0/LX9T8x/GBbi6YnlN5nhaKIFkT8oFsscUKgDJYxfwfS6QsQ=="
  "resolved" "https://registry.npmjs.org/get-port/-/get-port-5.1.1.tgz"
  "version" "5.1.1"

"grammy@^1.0.0", "grammy@^1.2.0":
  "integrity" "sha512-zAPPvQatYuG+fAUZuiZ59Hvfyt+SXNBx8ZpOa8GN8KMSmFfAmAlOXCZ6uDFZzYGcnX8omKbH9eAO+Fm/eIom+Q=="
  "resolved" "https://registry.npmjs.org/grammy/-/grammy-1.2.0.tgz"
  "version" "1.2.0"
  dependencies:
    "@grammyjs/types" "^2.2.0"
    "abort-controller" "^3.0.0"
    "debug" "^4.3.1"
    "node-fetch" "^2.6.1"

"inherits@~2.0.3":
  "integrity" "sha512-k/vGaX4/Yla3WzyMCvTQOXYeIHvqOKtnqBduzTHpzpQZzAskKMhZ2K+EnBiSM9zGSoIFeMpXKxa4dYeZIQqewQ=="
  "resolved" "https://registry.npmjs.org/inherits/-/inherits-2.0.4.tgz"
  "version" "2.0.4"

"ioredis@^4.28.5":
  "integrity" "sha512-3GYo0GJtLqgNXj4YhrisLaNNvWSNwSS2wS4OELGfGxH8I69+XfNdnmV1AyN+ZqMh0i7eX+SWjrwFKDBDgfBC1A=="
  "resolved" "https://registry.npmjs.org/ioredis/-/ioredis-4.28.5.tgz"
  "version" "4.28.5"
  dependencies:
    "cluster-key-slot" "^1.1.0"
    "debug" "^4.3.1"
    "denque" "^1.1.0"
    "lodash.defaults" "^4.2.0"
    "lodash.flatten" "^4.4.0"
    "lodash.isarguments" "^3.1.0"
    "p-map" "^2.1.0"
    "redis-commands" "1.7.0"
    "redis-errors" "^1.2.0"
    "redis-parser" "^3.0.0"
    "standard-as-callback" "^2.1.0"

"isarray@~1.0.0":
  "integrity" "sha1-u5NdSFgsuhaMBoNJV6VKPgcSTxE= sha512-VLghIWNM6ELQzo7zwmcg0NmTVyWKYjvIeM83yjp0wRDTmUnrM678fQbcKBo6n2CJEF0szoG//ytg+TKla89ALQ=="
  "resolved" "https://registry.npmjs.org/isarray/-/isarray-1.0.0.tgz"
  "version" "1.0.0"

"kareem@2.3.2":
  "integrity" "sha512-STHz9P7X2L4Kwn72fA4rGyqyXdmrMSdxqHx9IXon/FXluXieaFA6KJ2upcHAHxQPQ0LeM/OjLrhFxifHewOALQ=="
  "resolved" "https://registry.npmjs.org/kareem/-/kareem-2.3.2.tgz"
  "version" "2.3.2"

"lodash.defaults@^4.2.0":
  "integrity" "sha512-qjxPLHd3r5DnsdGacqOMU6pb/avJzdh9tFX2ymgoZE27BmjXrNy/y4LoaiTeAb+O3gL8AfpJGtqfX/ae2leYYQ=="
  "resolved" "https://registry.npmjs.org/lodash.defaults/-/lodash.defaults-4.2.0.tgz"
  "version" "4.2.0"

"lodash.flatten@^4.4.0":
  "integrity" "sha512-C5N2Z3DgnnKr0LOpv/hKCgKdb7ZZwafIrsesve6lmzvZIRZRGaZ/l6Q8+2W7NaT+ZwO3fFlSCzCzrDCFdJfZ4g=="
  "resolved" "https://registry.npmjs.org/lodash.flatten/-/lodash.flatten-4.4.0.tgz"
  "version" "4.4.0"

"lodash.isarguments@^3.1.0":
  "integrity" "sha512-chi4NHZlZqZD18a0imDHnZPrDeBbTtVN7GXMwuGdRH9qotxAjYs3aVLKc7zNOG9eddR5Ksd8rvFEBc9SsggPpg=="
  "resolved" "https://registry.npmjs.org/lodash.isarguments/-/lodash.isarguments-3.1.0.tgz"
  "version" "3.1.0"

"lodash@^4.17.21":
  "integrity" "sha512-v2kDEe57lecTulaDIuNTPy3Ry4gLGJ6Z1O3vE1krgXZNrsQ+LFTGHVxVjcXPs17LhbZVGedAJv8XZ1tvj5FvSg=="
  "resolved" "https://registry.npmjs.org/lodash/-/lodash-4.17.21.tgz"
  "version" "4.17.21"

"lru-cache@^6.0.0":
  "integrity" "sha512-Jo6dJ04CmSjuznwJSS3pUeWmd/H0ffTlkXXgwZi+eq1UCmqQwCh+eLsYOYCwY991i2Fah4h1BEMCx4qThGbsiA=="
  "resolved" "https://registry.npmjs.org/lru-cache/-/lru-cache-6.0.0.tgz"
  "version" "6.0.0"
  dependencies:
    "yallist" "^4.0.0"

"luxon@^1.28.0":
  "integrity" "sha512-TfTiyvZhwBYM/7QdAVDh+7dBTBA29v4ik0Ce9zda3Mnf8on1S5KJI8P2jKFZ8+5C0jhmr0KwJEO/Wdpm0VeWJQ=="
  "resolved" "https://registry.npmjs.org/luxon/-/luxon-1.28.0.tgz"
  "version" "1.28.0"

"memory-pager@^1.0.2":
  "integrity" "sha512-ZS4Bp4r/Zoeq6+NLJpP+0Zzm0pR8whtGPf1XExKLJBAczGMnSi3It14OiNCStjQjM6NU1okjQGSxgEZN8eBYKg=="
  "resolved" "https://registry.npmjs.org/memory-pager/-/memory-pager-1.5.0.tgz"
  "version" "1.5.0"

"mongodb@3.6.10":
  "integrity" "sha512-fvIBQBF7KwCJnDZUnFFy4WqEFP8ibdXeFANnylW19+vOwdjOAvqIzPdsNCEMT6VKTHnYu4K64AWRih0mkFms6Q=="
  "resolved" "https://registry.npmjs.org/mongodb/-/mongodb-3.6.10.tgz"
  "version" "3.6.10"
  dependencies:
    "bl" "^2.2.1"
    "bson" "^1.1.4"
    "denque" "^1.4.1"
    "optional-require" "^1.0.3"
    "safe-buffer" "^5.1.2"
  optionalDependencies:
    "saslprep" "^1.0.0"

"mongoose-legacy-pluralize@1.0.2":
  "integrity" "sha512-Yo/7qQU4/EyIS8YDFSeenIvXxZN+ld7YdV9LqFVQJzTLye8unujAWPZ4NWKfFA+RNjh+wvTWKY9Z3E5XM6ZZiQ=="
  "resolved" "https://registry.npmjs.org/mongoose-legacy-pluralize/-/mongoose-legacy-pluralize-1.0.2.tgz"
  "version" "1.0.2"

"mongoose@*", "mongoose@^5.13.3":
  "integrity" "sha512-q+zX6kqHAvwxf5speMWhq6qF4vdj+x6/kfD5RSKdZKNm52yGmaUygN+zgrtQjBZPFEzG0B3vF6GP0PoAGadE+w=="
  "resolved" "https://registry.npmjs.org/mongoose/-/mongoose-5.13.3.tgz"
  "version" "5.13.3"
  dependencies:
    "@types/mongodb" "^3.5.27"
    "@types/node" "14.x || 15.x"
    "bson" "^1.1.4"
    "kareem" "2.3.2"
    "mongodb" "3.6.10"
    "mongoose-legacy-pluralize" "1.0.2"
    "mpath" "0.8.3"
    "mquery" "3.2.5"
    "ms" "2.1.2"
    "regexp-clone" "1.0.0"
    "safe-buffer" "5.2.1"
    "sift" "13.5.2"
    "sliced" "1.0.1"

"mpath@0.8.3":
  "integrity" "sha512-eb9rRvhDltXVNL6Fxd2zM9D4vKBxjVVQNLNijlj7uoXUy19zNDsIif5zR+pWmPCWNKwAtqyo4JveQm4nfD5+eA=="
  "resolved" "https://registry.npmjs.org/mpath/-/mpath-0.8.3.tgz"
  "version" "0.8.3"

"mquery@3.2.5":
  "integrity" "sha512-VjOKHHgU84wij7IUoZzFRU07IAxd5kWJaDmyUzQlbjHjyoeK5TNeeo8ZsFDtTYnSgpW6n/nMNIHvE3u8Lbrf4A=="
  "resolved" "https://registry.npmjs.org/mquery/-/mquery-3.2.5.tgz"
  "version" "3.2.5"
  dependencies:
    "bluebird" "3.5.1"
    "debug" "3.1.0"
    "regexp-clone" "^1.0.0"
    "safe-buffer" "5.1.2"
    "sliced" "1.0.1"

"ms@2.0.0":
  "integrity" "sha1-VgiurfwAvmwpAd9fmGF4jeDVl8g= sha512-Tpp60P6IUJDTuOq/5Z8cdskzJujfwqfOTkrwIwj7IRISpnkJnT6SyJ4PCPnGMoFjC9ddhal5KVIYtAt97ix05A=="
  "resolved" "https://registry.npmjs.org/ms/-/ms-2.0.0.tgz"
  "version" "2.0.0"

"ms@2.1.2":
  "integrity" "sha512-sGkPx+VjMtmA6MX27oA4FBFELFCZZ4S4XqeGOXCv68tT+jb3vk/RyaKWP0PTKyWtmLSM0b+adUTEvbs1PEaH2w=="
  "resolved" "https://registry.npmjs.org/ms/-/ms-2.1.2.tgz"
  "version" "2.1.2"

"msgpackr-extract@^2.0.2":
  "integrity" "sha512-coskCeJG2KDny23zWeu+6tNy7BLnAiOGgiwzlgdm4oeSsTpqEJJPguHIuKZcCdB7tzhZbXNYSg6jZAXkZErkJA=="
  "resolved" "https://registry.npmjs.org/msgpackr-extract/-/msgpackr-extract-2.0.2.tgz"
  "version" "2.0.2"
  dependencies:
    "node-gyp-build-optional-packages" "5.0.2"
  optionalDependencies:
    "@msgpackr-extract/msgpackr-extract-darwin-arm64" "2.0.2"
    "@msgpackr-extract/msgpackr-extract-darwin-x64" "2.0.2"
    "@msgpackr-extract/msgpackr-extract-linux-arm" "2.0.2"
    "@msgpackr-extract/msgpackr-extract-linux-arm64" "2.0.2"
    "@msgpackr-extract/msgpackr-extract-linux-x64" "2.0.2"
    "@msgpackr-extract/msgpackr-extract-win32-x64" "2.0.2"

"msgpackr@^1.5.2":
  "integrity" "sha512-Je+xBEfdjtvA4bKaOv8iRhjC8qX2oJwpYH4f7JrG4uMVJVmnmkAT4pjKdbztKprGj3iwjcxPzb5umVZ02Qq3tA=="
  "resolved" "https://registry.npmjs.org/msgpackr/-/msgpackr-1.6.1.tgz"
  "version" "1.6.1"
  optionalDependencies:
    "msgpackr-extract" "^2.0.2"

"node-fetch@^2.6.1", "node-fetch@2.6.1":
  "integrity" "sha512-V4aYg89jEoVRxRb2fJdAg8FHvI7cEyYdVAh94HH0UIK8oJxUfkjlDQN9RbMx+bEjP7+ggMiFRprSti032Oipxw=="
  "resolved" "https://registry.npmjs.org/node-fetch/-/node-fetch-2.6.1.tgz"
  "version" "2.6.1"

"node-gyp-build-optional-packages@5.0.2":
  "integrity" "sha512-PiN4NWmlQPqvbEFcH/omQsswWQbe5Z9YK/zdB23irp5j2XibaA2IrGvpSWmVVG4qMZdmPdwPctSy4a86rOMn6g=="
  "resolved" "https://registry.npmjs.org/node-gyp-build-optional-packages/-/node-gyp-build-optional-packages-5.0.2.tgz"
  "version" "5.0.2"

"oauth-1.0a@^2.2.4":
  "integrity" "sha512-6bkxv3N4Gu5lty4viIcIAnq5GbxECviMBeKR3WX/q87SPQ8E8aursPZUtsXDnxCs787af09WPRBLqYrf/lwoYQ=="
  "resolved" "https://registry.npmjs.org/oauth-1.0a/-/oauth-1.0a-2.2.6.tgz"
  "version" "2.2.6"

"optional-require@^1.0.3":
  "integrity" "sha512-RV2Zp2MY2aeYK5G+B/Sps8lW5NHAzE5QClbFP15j+PWmP+T9PxlJXBOOLoSAdgwFvS4t0aMR4vpedMkbHfh0nA=="
  "resolved" "https://registry.npmjs.org/optional-require/-/optional-require-1.0.3.tgz"
  "version" "1.0.3"

"p-finally@^1.0.0":
  "integrity" "sha512-LICb2p9CB7FS+0eR1oqWnHhp0FljGLZCWBE9aix0Uye9W8LTQPwMTYVGWQWIw9RdQiDg4+epXQODwIYJtSJaow=="
  "resolved" "https://registry.npmjs.org/p-finally/-/p-finally-1.0.0.tgz"
  "version" "1.0.0"

"p-map@^2.1.0":
  "integrity" "sha512-y3b8Kpd8OAN444hxfBbFfj1FY/RjtTd8tzYwhUqNYXx0fXx2iX4maP4Qr6qhIKbQXI02wTLAda4fYUbDagTUFw=="
  "resolved" "https://registry.npmjs.org/p-map/-/p-map-2.1.0.tgz"
  "version" "2.1.0"

"p-timeout@^3.2.0":
  "integrity" "sha512-rhIwUycgwwKcP9yTOOFK/AKsAopjjCakVqLHePO3CC6Mir1Z99xT+R63jZxAT5lFZLa2inS5h+ZS2GvR99/FBg=="
  "resolved" "https://registry.npmjs.org/p-timeout/-/p-timeout-3.2.0.tgz"
  "version" "3.2.0"
  dependencies:
    "p-finally" "^1.0.0"

"process-nextick-args@~2.0.0":
  "integrity" "sha512-3ouUOpQhtgrbOa17J7+uxOTpITYWaGP7/AhoR3+A+/1e9skrzelGi/dXzEYyvbxubEF6Wn2ypscTKiKJFFn1ag=="
  "resolved" "https://registry.npmjs.org/process-nextick-args/-/process-nextick-args-2.0.1.tgz"
  "version" "2.0.1"

"readable-stream@^2.3.5":
  "integrity" "sha512-Ebho8K4jIbHAxnuxi7o42OrZgF/ZTNcsZj6nRKyUmkhLFq8CHItp/fy6hQZuZmP/n3yZ9VBUbp4zz/mX8hmYPw=="
  "resolved" "https://registry.npmjs.org/readable-stream/-/readable-stream-2.3.7.tgz"
  "version" "2.3.7"
  dependencies:
    "core-util-is" "~1.0.0"
    "inherits" "~2.0.3"
    "isarray" "~1.0.0"
    "process-nextick-args" "~2.0.0"
    "safe-buffer" "~5.1.1"
    "string_decoder" "~1.1.1"
    "util-deprecate" "~1.0.1"

"redis-commands@1.7.0":
  "integrity" "sha512-nJWqw3bTFy21hX/CPKHth6sfhZbdiHP6bTawSgQBlKOVRG7EZkfHbbHwQJnrE4vsQf0CMNE+3gJ4Fmm16vdVlQ=="
  "resolved" "https://registry.npmjs.org/redis-commands/-/redis-commands-1.7.0.tgz"
  "version" "1.7.0"

"redis-errors@^1.0.0", "redis-errors@^1.2.0":
  "integrity" "sha512-1qny3OExCf0UvUV/5wpYKf2YwPcOqXzkwKKSmKHiE6ZMQs5heeE/c8eXK+PNllPvmjgAbfnsbpkGZWy8cBpn9w=="
  "resolved" "https://registry.npmjs.org/redis-errors/-/redis-errors-1.2.0.tgz"
  "version" "1.2.0"

"redis-parser@^3.0.0":
  "integrity" "sha512-DJnGAeenTdpMEH6uAJRK/uiyEIH9WVsUmoLwzudwGJUwZPp80PDBWPHXSAGNPwNvIXAbe7MSUB1zQFugFml66A=="
  "resolved" "https://registry.npmjs.org/redis-parser/-/redis-parser-3.0.0.tgz"
  "version" "3.0.0"
  dependencies:
    "redis-errors" "^1.0.0"

"regexp-clone@^1.0.0", "regexp-clone@1.0.0":
  "integrity" "sha512-TuAasHQNamyyJ2hb97IuBEif4qBHGjPHBS64sZwytpLEqtBQ1gPJTnOaQ6qmpET16cK14kkjbazl6+p0RRv0yw=="
  "resolved" "https://registry.npmjs.org/regexp-clone/-/regexp-clone-1.0.0.tgz"
  "version" "1.0.0"

"safe-buffer@^5.1.1", "safe-buffer@^5.1.2", "safe-buffer@5.2.1":
  "integrity" "sha512-rp3So07KcdmmKbGvgaNxQSJr7bGVSVk5S9Eq1F+ppbRo70+YeaDxkw5Dd8NPN+GD6bjnYm2VuPuCXmpuYvmCXQ=="
  "resolved" "https://registry.npmjs.org/safe-buffer/-/safe-buffer-5.2.1.tgz"
  "version" "5.2.1"

"safe-buffer@~5.1.0":
  "integrity" "sha512-Gd2UZBJDkXlY7GbJxfsE8/nvKkUEU1G38c1siN6QP6a9PT9MmHB8GnpscSmMJSoF8LOIrt8ud/wPtojys4G6+g=="
  "resolved" "https://registry.npmjs.org/safe-buffer/-/safe-buffer-5.1.2.tgz"
  "version" "5.1.2"

"safe-buffer@~5.1.1":
  "integrity" "sha512-Gd2UZBJDkXlY7GbJxfsE8/nvKkUEU1G38c1siN6QP6a9PT9MmHB8GnpscSmMJSoF8LOIrt8ud/wPtojys4G6+g=="
  "resolved" "https://registry.npmjs.org/safe-buffer/-/safe-buffer-5.1.2.tgz"
  "version" "5.1.2"

"safe-buffer@5.1.2":
  "integrity" "sha512-Gd2UZBJDkXlY7GbJxfsE8/nvKkUEU1G38c1siN6QP6a9PT9MmHB8GnpscSmMJSoF8LOIrt8ud/wPtojys4G6+g=="
  "resolved" "https://registry.npmjs.org/safe-buffer/-/safe-buffer-5.1.2.tgz"
  "version" "5.1.2"

"saslprep@^1.0.0":
  "integrity" "sha512-/MY/PEMbk2SuY5sScONwhUDsV2p77Znkb/q3nSVstq/yQzYJOH/Azh29p9oJLsl3LnQwSvZDKagDGBsBwSooag=="
  "resolved" "https://registry.npmjs.org/saslprep/-/saslprep-1.0.3.tgz"
  "version" "1.0.3"
  dependencies:
    "sparse-bitfield" "^3.0.3"

"semver@^7.3.2":
  "integrity" "sha512-QlYTucUYOews+WeEujDoEGziz4K6c47V/Bd+LjSSYcA94p+DmINdf7ncaUinThfvZyu13lN9OY1XDxt8C0Tw0g=="
  "resolved" "https://registry.npmjs.org/semver/-/semver-7.3.7.tgz"
  "version" "7.3.7"
  dependencies:
    "lru-cache" "^6.0.0"

"sift@13.5.2":
  "integrity" "sha512-+gxdEOMA2J+AI+fVsCqeNn7Tgx3M9ZN9jdi95939l1IJ8cZsqS8sqpJyOkic2SJk+1+98Uwryt/gL6XDaV+UZA=="
  "resolved" "https://registry.npmjs.org/sift/-/sift-13.5.2.tgz"
  "version" "13.5.2"

"sliced@1.0.1":
  "integrity" "sha1-CzpmK10Ewxd7GSa+qCsD+Dei70E= sha512-VZBmZP8WU3sMOZm1bdgTadsQbcscK0UM8oKxKVBs4XAhUo2Xxzm/OFMGBkPusxw9xL3Uy8LrzEqGqJhclsr0yA=="
  "resolved" "https://registry.npmjs.org/sliced/-/sliced-1.0.1.tgz"
  "version" "1.0.1"

"sparse-bitfield@^3.0.3":
  "integrity" "sha1-/0rm5oZWBWuks+eSqzM004JzyhE= sha512-kvzhi7vqKTfkh0PZU+2D2PIllw2ymqJKujUcyPMd9Y75Nv4nPbGJZXNhxsgdQab2BmlDct1YnfQCguEvHr7VsQ=="
  "resolved" "https://registry.npmjs.org/sparse-bitfield/-/sparse-bitfield-3.0.3.tgz"
  "version" "3.0.3"
  dependencies:
    "memory-pager" "^1.0.2"

"standard-as-callback@^2.1.0":
  "integrity" "sha512-qoRRSyROncaz1z0mvYqIE4lCd9p2R90i6GxW3uZv5ucSu8tU7B5HXUP1gG8pVZsYNVaXjk8ClXHPttLyxAL48A=="
  "resolved" "https://registry.npmjs.org/standard-as-callback/-/standard-as-callback-2.1.0.tgz"
  "version" "2.1.0"

"string_decoder@~1.1.1":
  "integrity" "sha512-n/ShnvDi6FHbbVfviro+WojiFzv+s8MPMHBczVePfUpDJLwoLT0ht1l4YwBCbi8pJAveEEdnkHyPyTP/mzRfwg=="
  "resolved" "https://registry.npmjs.org/string_decoder/-/string_decoder-1.1.1.tgz"
  "version" "1.1.1"
  dependencies:
    "safe-buffer" "~5.1.0"

"twitter-lite@^1.1.0":
  "integrity" "sha512-v37I0zyYXjn3/zdm/ii+1RiBFZ2SCB3wLl1N5nfW8TUqoNDYBR66oXBFbQavKEvjg5WqcTUzNhAhe6FkgylPsw=="
  "resolved" "https://registry.npmjs.org/twitter-lite/-/twitter-lite-1.1.0.tgz"
  "version" "1.1.0"
  dependencies:
    "cross-fetch" "^3.0.0"
    "oauth-1.0a" "^2.2.4"

"util-deprecate@~1.0.1":
  "integrity" "sha1-RQ1Nyfpw3nMnYvvS1KKJgUGaDM8= sha512-EPD5q1uXyFxJpCrLnCc1nHnq3gOa6DZBocAIiI2TaSCA7VCJ1UJDMagCzIkXNsUYfD1daK//LTEQ8xiIbrHtcw=="
  "resolved" "https://registry.npmjs.org/util-deprecate/-/util-deprecate-1.0.2.tgz"
  "version" "1.0.2"

"uuid@^8.3.0":
  "integrity" "sha512-+NYs2QeMWy+GWFOEm9xnn6HCDp0l7QBD7ml8zLUmJ+93Q5NF0NocErnwkTkXVFNiX3/fpC6afS8Dhb/gz7R7eg=="
  "resolved" "https://registry.npmjs.org/uuid/-/uuid-8.3.2.tgz"
  "version" "8.3.2"

"yallist@^4.0.0":
  "integrity" "sha512-3wdGidZyq5PB084XLES5TpOSRA3wjXAlIWMhum2kRcv/41Sn2emQ0dycQW4uZXLejwKvg6EsvbdlVL+FYEct7A=="
  "resolved" "https://registry.npmjs.org/yallist/-/yallist-4.0.0.tgz"
  "version" "4.0.0"
